
Microsoft Visual Studio Solution File, Format Version 12.00
# Visual Studio Version 16
VisualStudioVersion = 16.0.30804.86
MinimumVisualStudioVersion = 10.0.40219.1
Project("{FAE04EC0-301F-11D3-BF4B-00C04F79EFBC}") = "TDDMicroExercises", "TDDMicroExercises.csproj", "{BBCF3C67-8E31-48E3-AD2E-8C605E2E07BE}"
EndProject
Project("{FAE04EC0-301F-11D3-BF4B-00C04F79EFBC}") = "TelemetrySystem", "..\TelemetrySystem\TelemetrySystem.csproj", "{43B8EB77-B8A1-4D8F-8F3A-22492A4CEC15}"
EndProject
Project("{FAE04EC0-301F-11D3-BF4B-00C04F79EFBC}") = "TelemetrySystemTests", "..\TelemetrySystemTests\TelemetrySystemTests.csproj", "{AB6C2DBA-1F1D-41F0-8C08-8861A3EAE2F9}"
EndProject
Global
	GlobalSection(SolutionConfigurationPlatforms) = preSolution
		Debug|Any CPU = Debug|Any CPU
		Release|Any CPU = Release|Any CPU
	EndGlobalSection
	GlobalSection(ProjectConfigurationPlatforms) = postSolution
		{BBCF3C67-8E31-48E3-AD2E-8C605E2E07BE}.Debug|Any CPU.ActiveCfg = Debug|Any CPU
		{BBCF3C67-8E31-48E3-AD2E-8C605E2E07BE}.Debug|Any CPU.Build.0 = Debug|Any CPU
		{BBCF3C67-8E31-48E3-AD2E-8C605E2E07BE}.Release|Any CPU.ActiveCfg = Release|Any CPU
		{BBCF3C67-8E31-48E3-AD2E-8C605E2E07BE}.Release|Any CPU.Build.0 = Release|Any CPU
		{43B8EB77-B8A1-4D8F-8F3A-22492A4CEC15}.Debug|Any CPU.ActiveCfg = Debug|Any CPU
		{43B8EB77-B8A1-4D8F-8F3A-22492A4CEC15}.Debug|Any CPU.Build.0 = Debug|Any CPU
		{43B8EB77-B8A1-4D8F-8F3A-22492A4CEC15}.Release|Any CPU.ActiveCfg = Release|Any CPU
		{43B8EB77-B8A1-4D8F-8F3A-22492A4CEC15}.Release|Any CPU.Build.0 = Release|Any CPU
		{AB6C2DBA-1F1D-41F0-8C08-8861A3EAE2F9}.Debug|Any CPU.ActiveCfg = Debug|Any CPU
		{AB6C2DBA-1F1D-41F0-8C08-8861A3EAE2F9}.Debug|Any CPU.Build.0 = Debug|Any CPU
		{AB6C2DBA-1F1D-41F0-8C08-8861A3EAE2F9}.Release|Any CPU.ActiveCfg = Release|Any CPU
		{AB6C2DBA-1F1D-41F0-8C08-8861A3EAE2F9}.Release|Any CPU.Build.0 = Release|Any CPU
	EndGlobalSection
	GlobalSection(SolutionProperties) = preSolution
		HideSolutionNode = FALSE
	EndGlobalSection
	GlobalSection(ExtensibilityGlobals) = postSolution
		SolutionGuid = {B32B45A4-3353-420B-8708-4D87B66C3A42}
	EndGlobalSection
EndGlobal
